// !$*UTF8*$!
{
	archiveVersion = 1;
	classes = {
	};
	objectVersion = 46;
	objects = {

/* Begin PBXBuildFile section */
		6AF5F8FE1C731ACA0080E974 /* main.m in Sources */ = {isa = PBXBuildFile; fileRef = 6AF5F8FD1C731ACA0080E974 /* main.m */; };
		6AF5F9011C731ACA0080E974 /* AppDelegate.m in Sources */ = {isa = PBXBuildFile; fileRef = 6AF5F9001C731ACA0080E974 /* AppDelegate.m */; };
		6AF5F9041C731ACA0080E974 /* ViewController.m in Sources */ = {isa = PBXBuildFile; fileRef = 6AF5F9031C731ACA0080E974 /* ViewController.m */; };
		6AF5F9071C731ACA0080E974 /* Main.storyboard in Resources */ = {isa = PBXBuildFile; fileRef = 6AF5F9051C731ACA0080E974 /* Main.storyboard */; };
		6AF5F9091C731ACA0080E974 /* Assets.xcassets in Resources */ = {isa = PBXBuildFile; fileRef = 6AF5F9081C731ACA0080E974 /* Assets.xcassets */; };
		6AF5F90C1C731ACA0080E974 /* LaunchScreen.storyboard in Resources */ = {isa = PBXBuildFile; fileRef = 6AF5F90A1C731ACA0080E974 /* LaunchScreen.storyboard */; };
		6AF5F9171C731ACB0080E974 /* NyftyTests.m in Sources */ = {isa = PBXBuildFile; fileRef = 6AF5F9161C731ACB0080E974 /* NyftyTests.m */; };
		6AF5F9221C731ACB0080E974 /* NyftyUITests.m in Sources */ = {isa = PBXBuildFile; fileRef = 6AF5F9211C731ACB0080E974 /* NyftyUITests.m */; };
/* End PBXBuildFile section */

/* Begin PBXContainerItemProxy section */
		6AF5F9131C731ACB0080E974 /* PBXContainerItemProxy */ = {
			isa = PBXContainerItemProxy;
			containerPortal = 6AF5F8F11C731AC90080E974 /* Project object */;
			proxyType = 1;
			remoteGlobalIDString = 6AF5F8F81C731AC90080E974;
			remoteInfo = Nyfty;
		};
		6AF5F91E1C731ACB0080E974 /* PBXContainerItemProxy */ = {
			isa = PBXContainerItemProxy;
			containerPortal = 6AF5F8F11C731AC90080E974 /* Project object */;
			proxyType = 1;
			remoteGlobalIDString = 6AF5F8F81C731AC90080E974;
			remoteInfo = Nyfty;
		};
/* End PBXContainerItemProxy section */

/* Begin PBXFileReference section */
		6AF5F8F91C731ACA0080E974 /* Nyfty.app */ = {isa = PBXFileReference; explicitFileType = wrapper.application; includeInIndex = 0; path = Nyfty.app; sourceTree = BUILT_PRODUCTS_DIR; };
		6AF5F8FD1C731ACA0080E974 /* main.m */ = {isa = PBXFileReference; lastKnownFileType = sourcecode.c.objc; path = main.m; sourceTree = "<group>"; };
		6AF5F8FF1C731ACA0080E974 /* AppDelegate.h */ = {isa = PBXFileReference; lastKnownFileType = sourcecode.c.h; path = AppDelegate.h; sourceTree = "<group>"; };
		6AF5F9001C731ACA0080E974 /* AppDelegate.m */ = {isa = PBXFileReference; lastKnownFileType = sourcecode.c.objc; path = AppDelegate.m; sourceTree = "<group>"; };
		6AF5F9021C731ACA0080E974 /* ViewController.h */ = {isa = PBXFileReference; lastKnownFileType = sourcecode.c.h; path = ViewController.h; sourceTree = "<group>"; };
		6AF5F9031C731ACA0080E974 /* ViewController.m */ = {isa = PBXFileReference; lastKnownFileType = sourcecode.c.objc; path = ViewController.m; sourceTree = "<group>"; };
		6AF5F9061C731ACA0080E974 /* Base */ = {isa = PBXFileReference; lastKnownFileType = file.storyboard; name = Base; path = Base.lproj/Main.storyboard; sourceTree = "<group>"; };
		6AF5F9081C731ACA0080E974 /* Assets.xcassets */ = {isa = PBXFileReference; lastKnownFileType = folder.assetcatalog; path = Assets.xcassets; sourceTree = "<group>"; };
		6AF5F90B1C731ACA0080E974 /* Base */ = {isa = PBXFileReference; lastKnownFileType = file.storyboard; name = Base; path = Base.lproj/LaunchScreen.storyboard; sourceTree = "<group>"; };
		6AF5F90D1C731ACA0080E974 /* Info.plist */ = {isa = PBXFileReference; lastKnownFileType = text.plist.xml; path = Info.plist; sourceTree = "<group>"; };
		6AF5F9121C731ACB0080E974 /* NyftyTests.xctest */ = {isa = PBXFileReference; explicitFileType = wrapper.cfbundle; includeInIndex = 0; path = NyftyTests.xctest; sourceTree = BUILT_PRODUCTS_DIR; };
		6AF5F9161C731ACB0080E974 /* NyftyTests.m */ = {isa = PBXFileReference; lastKnownFileType = sourcecode.c.objc; path = NyftyTests.m; sourceTree = "<group>"; };
		6AF5F9181C731ACB0080E974 /* Info.plist */ = {isa = PBXFileReference; lastKnownFileType = text.plist.xml; path = Info.plist; sourceTree = "<group>"; };
		6AF5F91D1C731ACB0080E974 /* NyftyUITests.xctest */ = {isa = PBXFileReference; explicitFileType = wrapper.cfbundle; includeInIndex = 0; path = NyftyUITests.xctest; sourceTree = BUILT_PRODUCTS_DIR; };
		6AF5F9211C731ACB0080E974 /* NyftyUITests.m */ = {isa = PBXFileReference; lastKnownFileType = sourcecode.c.objc; path = NyftyUITests.m; sourceTree = "<group>"; };
		6AF5F9231C731ACB0080E974 /* Info.plist */ = {isa = PBXFileReference; lastKnownFileType = text.plist.xml; path = Info.plist; sourceTree = "<group>"; };
/* End PBXFileReference section */

/* Begin PBXFrameworksBuildPhase section */
		6AF5F8F61C731AC90080E974 /* Frameworks */ = {
			isa = PBXFrameworksBuildPhase;
			buildActionMask = 2147483647;
			files = (
			);
			runOnlyForDeploymentPostprocessing = 0;
		};
		6AF5F90F1C731ACB0080E974 /* Frameworks */ = {
			isa = PBXFrameworksBuildPhase;
			buildActionMask = 2147483647;
			files = (
			);
			runOnlyForDeploymentPostprocessing = 0;
		};
		6AF5F91A1C731ACB0080E974 /* Frameworks */ = {
			isa = PBXFrameworksBuildPhase;
			buildActionMask = 2147483647;
			files = (
			);
			runOnlyForDeploymentPostprocessing = 0;
		};
/* End PBXFrameworksBuildPhase section */

/* Begin PBXGroup section */
		6AF5F8F01C731AC90080E974 = {
			isa = PBXGroup;
			children = (
				6AF5F8FB1C731ACA0080E974 /* Nyfty */,
				6AF5F9151C731ACB0080E974 /* NyftyTests */,
				6AF5F9201C731ACB0080E974 /* NyftyUITests */,
				6AF5F8FA1C731ACA0080E974 /* Products */,
			);
			sourceTree = "<group>";
		};
		6AF5F8FA1C731ACA0080E974 /* Products */ = {
			isa = PBXGroup;
			children = (
				6AF5F8F91C731ACA0080E974 /* Nyfty.app */,
				6AF5F9121C731ACB0080E974 /* NyftyTests.xctest */,
				6AF5F91D1C731ACB0080E974 /* NyftyUITests.xctest */,
			);
			name = Products;
			sourceTree = "<group>";
		};
		6AF5F8FB1C731ACA0080E974 /* Nyfty */ = {
			isa = PBXGroup;
			children = (
				6AF5F8FF1C731ACA0080E974 /* AppDelegate.h */,
				6AF5F9001C731ACA0080E974 /* AppDelegate.m */,
				6AF5F9021C731ACA0080E974 /* ViewController.h */,
				6AF5F9031C731ACA0080E974 /* ViewController.m */,
				6AF5F9051C731ACA0080E974 /* Main.storyboard */,
				6AF5F9081C731ACA0080E974 /* Assets.xcassets */,
				6AF5F90A1C731ACA0080E974 /* LaunchScreen.storyboard */,
				6AF5F90D1C731ACA0080E974 /* Info.plist */,
				6AF5F8FC1C731ACA0080E974 /* Supporting Files */,
			);
			path = Nyfty;
			sourceTree = "<group>";
		};
		6AF5F8FC1C731ACA0080E974 /* Supporting Files */ = {
			isa = PBXGroup;
			children = (
				6AF5F8FD1C731ACA0080E974 /* main.m */,
			);
			name = "Supporting Files";
			sourceTree = "<group>";
		};
		6AF5F9151C731ACB0080E974 /* NyftyTests */ = {
			isa = PBXGroup;
			children = (
				6AF5F9161C731ACB0080E974 /* NyftyTests.m */,
				6AF5F9181C731ACB0080E974 /* Info.plist */,
			);
			path = NyftyTests;
			sourceTree = "<group>";
		};
		6AF5F9201C731ACB0080E974 /* NyftyUITests */ = {
			isa = PBXGroup;
			children = (
				6AF5F9211C731ACB0080E974 /* NyftyUITests.m */,
				6AF5F9231C731ACB0080E974 /* Info.plist */,
			);
			path = NyftyUITests;
			sourceTree = "<group>";
		};
/* End PBXGroup section */

/* Begin PBXNativeTarget section */
		6AF5F8F81C731AC90080E974 /* Nyfty */ = {
			isa = PBXNativeTarget;
			buildConfigurationList = 6AF5F9261C731ACB0080E974 /* Build configuration list for PBXNativeTarget "Nyfty" */;
			buildPhases = (
				6AF5F8F51C731AC90080E974 /* Sources */,
				6AF5F8F61C731AC90080E974 /* Frameworks */,
				6AF5F8F71C731AC90080E974 /* Resources */,
			);
			buildRules = (
			);
			dependencies = (
			);
			name = Nyfty;
			productName = Nyfty;
			productReference = 6AF5F8F91C731ACA0080E974 /* Nyfty.app */;
			productType = "com.apple.product-type.application";
		};
		6AF5F9111C731ACB0080E974 /* NyftyTests */ = {
			isa = PBXNativeTarget;
			buildConfigurationList = 6AF5F9291C731ACB0080E974 /* Build configuration list for PBXNativeTarget "NyftyTests" */;
			buildPhases = (
				6AF5F90E1C731ACB0080E974 /* Sources */,
				6AF5F90F1C731ACB0080E974 /* Frameworks */,
				6AF5F9101C731ACB0080E974 /* Resources */,
			);
			buildRules = (
			);
			dependencies = (
				6AF5F9141C731ACB0080E974 /* PBXTargetDependency */,
			);
			name = NyftyTests;
			productName = NyftyTests;
			productReference = 6AF5F9121C731ACB0080E974 /* NyftyTests.xctest */;
			productType = "com.apple.product-type.bundle.unit-test";
		};
		6AF5F91C1C731ACB0080E974 /* NyftyUITests */ = {
			isa = PBXNativeTarget;
			buildConfigurationList = 6AF5F92C1C731ACB0080E974 /* Build configuration list for PBXNativeTarget "NyftyUITests" */;
			buildPhases = (
				6AF5F9191C731ACB0080E974 /* Sources */,
				6AF5F91A1C731ACB0080E974 /* Frameworks */,
				6AF5F91B1C731ACB0080E974 /* Resources */,
			);
			buildRules = (
			);
			dependencies = (
				6AF5F91F1C731ACB0080E974 /* PBXTargetDependency */,
			);
			name = NyftyUITests;
			productName = NyftyUITests;
			productReference = 6AF5F91D1C731ACB0080E974 /* NyftyUITests.xctest */;
			productType = "com.apple.product-type.bundle.ui-testing";
		};
/* End PBXNativeTarget section */

/* Begin PBXProject section */
		6AF5F8F11C731AC90080E974 /* Project object */ = {
			isa = PBXProject;
			attributes = {
				LastUpgradeCheck = 0720;
				ORGANIZATIONNAME = "Atif Mehmood";
				TargetAttributes = {
					6AF5F8F81C731AC90080E974 = {
						CreatedOnToolsVersion = 7.2;
					};
					6AF5F9111C731ACB0080E974 = {
						CreatedOnToolsVersion = 7.2;
						TestTargetID = 6AF5F8F81C731AC90080E974;
					};
					6AF5F91C1C731ACB0080E974 = {
						CreatedOnToolsVersion = 7.2;
						TestTargetID = 6AF5F8F81C731AC90080E974;
					};
				};
			};
			buildConfigurationList = 6AF5F8F41C731AC90080E974 /* Build configuration list for PBXProject "Nyfty" */;
			compatibilityVersion = "Xcode 3.2";
			developmentRegion = English;
			hasScannedForEncodings = 0;
			knownRegions = (
				en,
				Base,
			);
			mainGroup = 6AF5F8F01C731AC90080E974;
			productRefGroup = 6AF5F8FA1C731ACA0080E974 /* Products */;
			projectDirPath = "";
			projectRoot = "";
			targets = (
				6AF5F8F81C731AC90080E974 /* Nyfty */,
				6AF5F9111C731ACB0080E974 /* NyftyTests */,
				6AF5F91C1C731ACB0080E974 /* NyftyUITests */,
			);
		};
/* End PBXProject section */

/* Begin PBXResourcesBuildPhase section */
		6AF5F8F71C731AC90080E974 /* Resources */ = {
			isa = PBXResourcesBuildPhase;
			buildActionMask = 2147483647;
			files = (
				6AF5F90C1C731ACA0080E974 /* LaunchScreen.storyboard in Resources */,
				6AF5F9091C731ACA0080E974 /* Assets.xcassets in Resources */,
				6AF5F9071C731ACA0080E974 /* Main.storyboard in Resources */,
			);
			runOnlyForDeploymentPostprocessing = 0;
		};
		6AF5F9101C731ACB0080E974 /* Resources */ = {
			isa = PBXResourcesBuildPhase;
			buildActionMask = 2147483647;
			files = (
			);
			runOnlyForDeploymentPostprocessing = 0;
		};
		6AF5F91B1C731ACB0080E974 /* Resources */ = {
			isa = PBXResourcesBuildPhase;
			buildActionMask = 2147483647;
			files = (
			);
			runOnlyForDeploymentPostprocessing = 0;
		};
/* End PBXResourcesBuildPhase section */

/* Begin PBXSourcesBuildPhase section */
		6AF5F8F51C731AC90080E974 /* Sources */ = {
			isa = PBXSourcesBuildPhase;
			buildActionMask = 2147483647;
			files = (
				6AF5F9041C731ACA0080E974 /* ViewController.m in Sources */,
				6AF5F9011C731ACA0080E974 /* AppDelegate.m in Sources */,
				6AF5F8FE1C731ACA0080E974 /* main.m in Sources */,
			);
			runOnlyForDeploymentPostprocessing = 0;
		};
		6AF5F90E1C731ACB0080E974 /* Sources */ = {
			isa = PBXSourcesBuildPhase;
			buildActionMask = 2147483647;
			files = (
				6AF5F9171C731ACB0080E974 /* NyftyTests.m in Sources */,
			);
			runOnlyForDeploymentPostprocessing = 0;
		};
		6AF5F9191C731ACB0080E974 /* Sources */ = {
			isa = PBXSourcesBuildPhase;
			buildActionMask = 2147483647;
			files = (
				6AF5F9221C731ACB0080E974 /* NyftyUITests.m in Sources */,
			);
			runOnlyForDeploymentPostprocessing = 0;
		};
/* End PBXSourcesBuildPhase section */

/* Begin PBXTargetDependency section */
		6AF5F9141C731ACB0080E974 /* PBXTargetDependency */ = {
			isa = PBXTargetDependency;
			target = 6AF5F8F81C731AC90080E974 /* Nyfty */;
			targetProxy = 6AF5F9131C731ACB0080E974 /* PBXContainerItemProxy */;
		};
		6AF5F91F1C731ACB0080E974 /* PBXTargetDependency */ = {
			isa = PBXTargetDependency;
			target = 6AF5F8F81C731AC90080E974 /* Nyfty */;
			targetProxy = 6AF5F91E1C731ACB0080E974 /* PBXContainerItemProxy */;
		};
/* End PBXTargetDependency section */

/* Begin PBXVariantGroup section */
		6AF5F9051C731ACA0080E974 /* Main.storyboard */ = {
			isa = PBXVariantGroup;
			children = (
				6AF5F9061C731ACA0080E974 /* Base */,
			);
			name = Main.storyboard;
			sourceTree = "<group>";
		};
		6AF5F90A1C731ACA0080E974 /* LaunchScreen.storyboard */ = {
			isa = PBXVariantGroup;
			children = (
				6AF5F90B1C731ACA0080E974 /* Base */,
			);
			name = LaunchScreen.storyboard;
			sourceTree = "<group>";
		};
/* End PBXVariantGroup section */

/* Begin XCBuildConfiguration section */
		6AF5F9241C731ACB0080E974 /* Debug */ = {
			isa = XCBuildConfiguration;
			buildSettings = {
				ALWAYS_SEARCH_USER_PATHS = NO;
				CLANG_CXX_LANGUAGE_STANDARD = "gnu++0x";
				CLANG_CXX_LIBRARY = "libc++";
				CLANG_ENABLE_MODULES = YES;
				CLANG_ENABLE_OBJC_ARC = YES;
				CLANG_WARN_BOOL_CONVERSION = YES;
				CLANG_WARN_CONSTANT_CONVERSION = YES;
				CLANG_WARN_DIRECT_OBJC_ISA_USAGE = YES_ERROR;
				CLANG_WARN_EMPTY_BODY = YES;
				CLANG_WARN_ENUM_CONVERSION = YES;
				CLANG_WARN_INT_CONVERSION = YES;
				CLANG_WARN_OBJC_ROOT_CLASS = YES_ERROR;
				CLANG_WARN_UNREACHABLE_CODE = YES;
				CLANG_WARN__DUPLICATE_METHOD_MATCH = YES;
				"CODE_SIGN_IDENTITY[sdk=iphoneos*]" = "iPhone Developer";
				COPY_PHASE_STRIP = NO;
				DEBUG_INFORMATION_FORMAT = dwarf;
				ENABLE_STRICT_OBJC_MSGSEND = YES;
				ENABLE_TESTABILITY = YES;
				GCC_C_LANGUAGE_STANDARD = gnu99;
				GCC_DYNAMIC_NO_PIC = NO;
				GCC_NO_COMMON_BLOCKS = YES;
				GCC_OPTIMIZATION_LEVEL = 0;
				GCC_PREPROCESSOR_DEFINITIONS = (
					"DEBUG=1",
					"$(inherited)",
				);
				GCC_WARN_64_TO_32_BIT_CONVERSION = YES;
				GCC_WARN_ABOUT_RETURN_TYPE = YES_ERROR;
				GCC_WARN_UNDECLARED_SELECTOR = YES;
				GCC_WARN_UNINITIALIZED_AUTOS = YES_AGGRESSIVE;
				GCC_WARN_UNUSED_FUNCTION = YES;
				GCC_WARN_UNUSED_VARIABLE = YES;
				IPHONEOS_DEPLOYMENT_TARGET = 9.2;
				MTL_ENABLE_DEBUG_INFO = YES;
				ONLY_ACTIVE_ARCH = YES;
				SDKROOT = iphoneos;
			};
			name = Debug;
		};
		6AF5F9251C731ACB0080E974 /* Release */ = {
			isa = XCBuildConfiguration;
			buildSettings = {
				ALWAYS_SEARCH_USER_PATHS = NO;
				CLANG_CXX_LANGUAGE_STANDARD = "gnu++0x";
				CLANG_CXX_LIBRARY = "libc++";
				CLANG_ENABLE_MODULES = YES;
				CLANG_ENABLE_OBJC_ARC = YES;
				CLANG_WARN_BOOL_CONVERSION = YES;
				CLANG_WARN_CONSTANT_CONVERSION = YES;
				CLANG_WARN_DIRECT_OBJC_ISA_USAGE = YES_ERROR;
				CLANG_WARN_EMPTY_BODY = YES;
				CLANG_WARN_ENUM_CONVERSION = YES;
				CLANG_WARN_INT_CONVERSION = YES;
				CLANG_WARN_OBJC_ROOT_CLASS = YES_ERROR;
				CLANG_WARN_UNREACHABLE_CODE = YES;
				CLANG_WARN__DUPLICATE_METHOD_MATCH = YES;
				"CODE_SIGN_IDENTITY[sdk=iphoneos*]" = "iPhone Developer";
				COPY_PHASE_STRIP = NO;
				DEBUG_INFORMATION_FORMAT = "dwarf-with-dsym";
				ENABLE_NS_ASSERTIONS = NO;
				ENABLE_STRICT_OBJC_MSGSEND = YES;
				GCC_C_LANGUAGE_STANDARD = gnu99;
				GCC_NO_COMMON_BLOCKS = YES;
				GCC_WARN_64_TO_32_BIT_CONVERSION = YES;
				GCC_WARN_ABOUT_RETURN_TYPE = YES_ERROR;
				GCC_WARN_UNDECLARED_SELECTOR = YES;
				GCC_WARN_UNINITIALIZED_AUTOS = YES_AGGRESSIVE;
				GCC_WARN_UNUSED_FUNCTION = YES;
				GCC_WARN_UNUSED_VARIABLE = YES;
				IPHONEOS_DEPLOYMENT_TARGET = 9.2;
				MTL_ENABLE_DEBUG_INFO = NO;
				SDKROOT = iphoneos;
				VALIDATE_PRODUCT = YES;
			};
			name = Release;
		};
		6AF5F9271C731ACB0080E974 /* Debug */ = {
			isa = XCBuildConfiguration;
			buildSettings = {
				ASSETCATALOG_COMPILER_APPICON_NAME = AppIcon;
				INFOPLIST_FILE = Nyfty/Info.plist;
				LD_RUNPATH_SEARCH_PATHS = "$(inherited) @executable_path/Frameworks";
				PRODUCT_BUNDLE_IDENTIFIER = com.EaxySolutions.Nyfty;
				PRODUCT_NAME = "$(TARGET_NAME)";
			};
			name = Debug;
		};
		6AF5F9281C731ACB0080E974 /* Release */ = {
			isa = XCBuildConfiguration;
			buildSettings = {
				ASSETCATALOG_COMPILER_APPICON_NAME = AppIcon;
				INFOPLIST_FILE = Nyfty/Info.plist;
				LD_RUNPATH_SEARCH_PATHS = "$(inherited) @executable_path/Frameworks";
				PRODUCT_BUNDLE_IDENTIFIER = com.EaxySolutions.Nyfty;
				PRODUCT_NAME = "$(TARGET_NAME)";
			};
			name = Release;
		};
		6AF5F92A1C731ACB0080E974 /* Debug */ = {
			isa = XCBuildConfiguration;
			buildSettings = {
				BUNDLE_LOADER = "$(TEST_HOST)";
				INFOPLIST_FILE = NyftyTests/Info.plist;
				LD_RUNPATH_SEARCH_PATHS = "$(inherited) @executable_path/Frameworks @loader_path/Frameworks";
				PRODUCT_BUNDLE_IDENTIFIER = com.EaxySolutions.NyftyTests;
				PRODUCT_NAME = "$(TARGET_NAME)";
				TEST_HOST = "$(BUILT_PRODUCTS_DIR)/Nyfty.app/Nyfty";
			};
			name = Debug;
		};
		6AF5F92B1C731ACB0080E974 /* Release */ = {
			isa = XCBuildConfiguration;
			buildSettings = {
				BUNDLE_LOADER = "$(TEST_HOST)";
				INFOPLIST_FILE = NyftyTests/Info.plist;
				LD_RUNPATH_SEARCH_PATHS = "$(inherited) @executable_path/Frameworks @loader_path/Frameworks";
				PRODUCT_BUNDLE_IDENTIFIER = com.EaxySolutions.NyftyTests;
				PRODUCT_NAME = "$(TARGET_NAME)";
				TEST_HOST = "$(BUILT_PRODUCTS_DIR)/Nyfty.app/Nyfty";
			};
			name = Release;
		};
		6AF5F92D1C731ACB0080E974 /* Debug */ = {
			isa = XCBuildConfiguration;
			buildSettings = {
				INFOPLIST_FILE = NyftyUITests/Info.plist;
				LD_RUNPATH_SEARCH_PATHS = "$(inherited) @executable_path/Frameworks @loader_path/Frameworks";
				PRODUCT_BUNDLE_IDENTIFIER = com.EaxySolutions.NyftyUITests;
				PRODUCT_NAME = "$(TARGET_NAME)";
				TEST_TARGET_NAME = Nyfty;
				USES_XCTRUNNER = YES;
			};
			name = Debug;
		};
		6AF5F92E1C731ACB0080E974 /* Release */ = {
			isa = XCBuildConfiguration;
			buildSettings = {
				INFOPLIST_FILE = NyftyUITests/Info.plist;
				LD_RUNPATH_SEARCH_PATHS = "$(inherited) @executable_path/Frameworks @loader_path/Frameworks";
				PRODUCT_BUNDLE_IDENTIFIER = com.EaxySolutions.NyftyUITests;
				PRODUCT_NAME = "$(TARGET_NAME)";
				TEST_TARGET_NAME = Nyfty;
				USES_XCTRUNNER = YES;
			};
			name = Release;
		};
/* End XCBuildConfiguration section */

/* Begin XCConfigurationList section */
		6AF5F8F41C731AC90080E974 /* Build configuration list for PBXProject "Nyfty" */ = {
			isa = XCConfigurationList;
			buildConfigurations = (
				6AF5F9241C731ACB0080E974 /* Debug */,
				6AF5F9251C731ACB0080E974 /* Release */,
			);
			defaultConfigurationIsVisible = 0;
			defaultConfigurationName = Release;
		};
		6AF5F9261C731ACB0080E974 /* Build configuration list for PBXNativeTarget "Nyfty" */ = {
			isa = XCConfigurationList;
			buildConfigurations = (
				6AF5F9271C731ACB0080E974 /* Debug */,
				6AF5F9281C731ACB0080E974 /* Release */,
			);
			defaultConfigurationIsVisible = 0;
		};
		6AF5F9291C731ACB0080E974 /* Build configuration list for PBXNativeTarget "NyftyTests" */ = {
			isa = XCConfigurationList;
			buildConfigurations = (
				6AF5F92A1C731ACB0080E974 /* Debug */,
				6AF5F92B1C731ACB0080E974 /* Release */,
			);
			defaultConfigurationIsVisible = 0;
		};
		6AF5F92C1C731ACB0080E974 /* Build configuration list for PBXNativeTarget "NyftyUITests" */ = {
			isa = XCConfigurationList;
			buildConfigurations = (
				6AF5F92D1C731ACB0080E974 /* Debug */,
				6AF5F92E1C731ACB0080E974 /* Release */,
			);
			defaultConfigurationIsVisible = 0;
		};
/* End XCConfigurationList section */
	};
	rootObject = 6AF5F8F11C731AC90080E974 /* Project object */;
}
